
Microsoft Visual Studio Solution File, Format Version 12.00
# Visual Studio Version 17
VisualStudioVersion = 17.8.34511.84
MinimumVisualStudioVersion = 10.0.40219.1
Project("{FAE04EC0-301F-11D3-BF4B-00C04F79EFBC}") = "githubLearning", "githubLearning\githubLearning.csproj", "{1D768FF2-DC3D-4C4B-A092-0895B88017CC}"
EndProject
Global
	GlobalSection(SolutionConfigurationPlatforms) = preSolution
		Debug|Any CPU = Debug|Any CPU
		Release|Any CPU = Release|Any CPU
	EndGlobalSection
	GlobalSection(ProjectConfigurationPlatforms) = postSolution
		{1D768FF2-DC3D-4C4B-A092-0895B88017CC}.Debug|Any CPU.ActiveCfg = Debug|Any CPU
		{1D768FF2-DC3D-4C4B-A092-0895B88017CC}.Debug|Any CPU.Build.0 = Debug|Any CPU
		{1D768FF2-DC3D-4C4B-A092-0895B88017CC}.Release|Any CPU.ActiveCfg = Release|Any CPU
		{1D768FF2-DC3D-4C4B-A092-0895B88017CC}.Release|Any CPU.Build.0 = Release|Any CPU
	EndGlobalSection
	GlobalSection(SolutionProperties) = preSolution
		HideSolutionNode = FALSE
	EndGlobalSection
	GlobalSection(ExtensibilityGlobals) = postSolution
		SolutionGuid = {53E448F6-95C8-4200-B638-2A8C67BC58FE}
	EndGlobalSection
EndGlobal
